
Microsoft Visual Studio Solution File, Format Version 12.00
# Visual Studio 14
VisualStudioVersion = 14.0.25123.0
MinimumVisualStudioVersion = 10.0.40219.1
Project("{2150E333-8FDC-42A3-9474-1A3956D46DE8}") = "src", "src", "{F6FDC9EF-6DFF-4E83-8FD7-B206F299388E}"
EndProject
Project("{2150E333-8FDC-42A3-9474-1A3956D46DE8}") = "Solution Items", "Solution Items", "{74F3461E-6397-431D-B435-5F352591CEB7}"
	ProjectSection(SolutionItems) = preProject
		global.json = global.json
	EndProjectSection
EndProject
Project("{8BB2217D-0F2D-49D1-97BC-3654ED321F3B}") = "FireOnWheels.Registration.Web", "src\FireOnWheels.Registration.Web\FireOnWheels.Registration.Web.xproj", "{197FA7B3-9E1E-465C-8D0E-56A95E32DD09}"
EndProject
Project("{8BB2217D-0F2D-49D1-97BC-3654ED321F3B}") = "FireOnWheels.Registration.Service", "src\FireOnWheels.Registration.Service\FireOnWheels.Registration.Service.xproj", "{AEA1DA67-A199-445A-957F-24C3E87E5F95}"
EndProject
Project("{8BB2217D-0F2D-49D1-97BC-3654ED321F3B}") = "FireOnWheels.Notification.Service", "src\FireOnWheels.Notification.Service\FireOnWheels.Notification.Service.xproj", "{C0EF9AA6-00DA-45EF-98D4-52FC93B4485D}"
EndProject
Project("{8BB2217D-0F2D-49D1-97BC-3654ED321F3B}") = "FireOnWheels.Messaging", "src\FireOnWheels.Messaging\FireOnWheels.Messaging.xproj", "{AE1D041D-3BF4-4961-B493-5CE69AEE0460}"
EndProject
Global
	GlobalSection(SolutionConfigurationPlatforms) = preSolution
		Debug|Any CPU = Debug|Any CPU
		Release|Any CPU = Release|Any CPU
	EndGlobalSection
	GlobalSection(ProjectConfigurationPlatforms) = postSolution
		{197FA7B3-9E1E-465C-8D0E-56A95E32DD09}.Debug|Any CPU.ActiveCfg = Debug|Any CPU
		{197FA7B3-9E1E-465C-8D0E-56A95E32DD09}.Debug|Any CPU.Build.0 = Debug|Any CPU
		{197FA7B3-9E1E-465C-8D0E-56A95E32DD09}.Release|Any CPU.ActiveCfg = Release|Any CPU
		{197FA7B3-9E1E-465C-8D0E-56A95E32DD09}.Release|Any CPU.Build.0 = Release|Any CPU
		{AEA1DA67-A199-445A-957F-24C3E87E5F95}.Debug|Any CPU.ActiveCfg = Debug|Any CPU
		{AEA1DA67-A199-445A-957F-24C3E87E5F95}.Debug|Any CPU.Build.0 = Debug|Any CPU
		{AEA1DA67-A199-445A-957F-24C3E87E5F95}.Release|Any CPU.ActiveCfg = Release|Any CPU
		{AEA1DA67-A199-445A-957F-24C3E87E5F95}.Release|Any CPU.Build.0 = Release|Any CPU
		{C0EF9AA6-00DA-45EF-98D4-52FC93B4485D}.Debug|Any CPU.ActiveCfg = Debug|Any CPU
		{C0EF9AA6-00DA-45EF-98D4-52FC93B4485D}.Debug|Any CPU.Build.0 = Debug|Any CPU
		{C0EF9AA6-00DA-45EF-98D4-52FC93B4485D}.Release|Any CPU.ActiveCfg = Release|Any CPU
		{C0EF9AA6-00DA-45EF-98D4-52FC93B4485D}.Release|Any CPU.Build.0 = Release|Any CPU
		{AE1D041D-3BF4-4961-B493-5CE69AEE0460}.Debug|Any CPU.ActiveCfg = Debug|Any CPU
		{AE1D041D-3BF4-4961-B493-5CE69AEE0460}.Debug|Any CPU.Build.0 = Debug|Any CPU
		{AE1D041D-3BF4-4961-B493-5CE69AEE0460}.Release|Any CPU.ActiveCfg = Release|Any CPU
		{AE1D041D-3BF4-4961-B493-5CE69AEE0460}.Release|Any CPU.Build.0 = Release|Any CPU
	EndGlobalSection
	GlobalSection(SolutionProperties) = preSolution
		HideSolutionNode = FALSE
	EndGlobalSection
	GlobalSection(NestedProjects) = preSolution
		{197FA7B3-9E1E-465C-8D0E-56A95E32DD09} = {F6FDC9EF-6DFF-4E83-8FD7-B206F299388E}
		{AEA1DA67-A199-445A-957F-24C3E87E5F95} = {F6FDC9EF-6DFF-4E83-8FD7-B206F299388E}
		{C0EF9AA6-00DA-45EF-98D4-52FC93B4485D} = {F6FDC9EF-6DFF-4E83-8FD7-B206F299388E}
		{AE1D041D-3BF4-4961-B493-5CE69AEE0460} = {F6FDC9EF-6DFF-4E83-8FD7-B206F299388E}
	EndGlobalSection
EndGlobal
